
Microsoft Visual Studio Solution File, Format Version 12.00
# Visual Studio Version 17
VisualStudioVersion = 17.0.31903.59
MinimumVisualStudioVersion = 10.0.40219.1
Project("{2150E333-8FDC-42A3-9474-1A3956D46DE8}") = "src", "src", "{827E0CD3-B72D-47B6-A68D-7590B98EB39B}"
EndProject
Project("{FAE04EC0-301F-11D3-BF4B-00C04F79EFBC}") = "Domain", "src\Domain\Domain.csproj", "{C19575D9-58F7-425E-9A10-78B604AA7AB2}"
EndProject
Project("{FAE04EC0-301F-11D3-BF4B-00C04F79EFBC}") = "Infrastructure", "src\Infrastructure\Infrastructure.csproj", "{C499A1C8-91B8-46DD-9238-CBDF19E3979C}"
EndProject
Project("{FAE04EC0-301F-11D3-BF4B-00C04F79EFBC}") = "Api", "src\Api\Api.csproj", "{2EAD8967-6324-4800-833E-ADCDDF3F2A79}"
EndProject
Project("{2150E333-8FDC-42A3-9474-1A3956D46DE8}") = "tests", "tests", "{0AB3BF05-4346-4AA6-1389-037BE0695223}"
EndProject
Project("{FAE04EC0-301F-11D3-BF4B-00C04F79EFBC}") = "Domain.Tests", "tests\Domain.Tests\Domain.Tests.csproj", "{DA4160A2-1C6F-4C69-B810-1B2AA7539652}"
EndProject
Global
	GlobalSection(SolutionConfigurationPlatforms) = preSolution
		Debug|Any CPU = Debug|Any CPU
		Debug|x64 = Debug|x64
		Debug|x86 = Debug|x86
		Release|Any CPU = Release|Any CPU
		Release|x64 = Release|x64
		Release|x86 = Release|x86
	EndGlobalSection
	GlobalSection(ProjectConfigurationPlatforms) = postSolution
		{C19575D9-58F7-425E-9A10-78B604AA7AB2}.Debug|Any CPU.ActiveCfg = Debug|Any CPU
		{C19575D9-58F7-425E-9A10-78B604AA7AB2}.Debug|Any CPU.Build.0 = Debug|Any CPU
		{C19575D9-58F7-425E-9A10-78B604AA7AB2}.Debug|x64.ActiveCfg = Debug|Any CPU
		{C19575D9-58F7-425E-9A10-78B604AA7AB2}.Debug|x64.Build.0 = Debug|Any CPU
		{C19575D9-58F7-425E-9A10-78B604AA7AB2}.Debug|x86.ActiveCfg = Debug|Any CPU
		{C19575D9-58F7-425E-9A10-78B604AA7AB2}.Debug|x86.Build.0 = Debug|Any CPU
		{C19575D9-58F7-425E-9A10-78B604AA7AB2}.Release|Any CPU.ActiveCfg = Release|Any CPU
		{C19575D9-58F7-425E-9A10-78B604AA7AB2}.Release|Any CPU.Build.0 = Release|Any CPU
		{C19575D9-58F7-425E-9A10-78B604AA7AB2}.Release|x64.ActiveCfg = Release|Any CPU
		{C19575D9-58F7-425E-9A10-78B604AA7AB2}.Release|x64.Build.0 = Release|Any CPU
		{C19575D9-58F7-425E-9A10-78B604AA7AB2}.Release|x86.ActiveCfg = Release|Any CPU
		{C19575D9-58F7-425E-9A10-78B604AA7AB2}.Release|x86.Build.0 = Release|Any CPU
		{C499A1C8-91B8-46DD-9238-CBDF19E3979C}.Debug|Any CPU.ActiveCfg = Debug|Any CPU
		{C499A1C8-91B8-46DD-9238-CBDF19E3979C}.Debug|Any CPU.Build.0 = Debug|Any CPU
		{C499A1C8-91B8-46DD-9238-CBDF19E3979C}.Debug|x64.ActiveCfg = Debug|Any CPU
		{C499A1C8-91B8-46DD-9238-CBDF19E3979C}.Debug|x64.Build.0 = Debug|Any CPU
		{C499A1C8-91B8-46DD-9238-CBDF19E3979C}.Debug|x86.ActiveCfg = Debug|Any CPU
		{C499A1C8-91B8-46DD-9238-CBDF19E3979C}.Debug|x86.Build.0 = Debug|Any CPU
		{C499A1C8-91B8-46DD-9238-CBDF19E3979C}.Release|Any CPU.ActiveCfg = Release|Any CPU
		{C499A1C8-91B8-46DD-9238-CBDF19E3979C}.Release|Any CPU.Build.0 = Release|Any CPU
		{C499A1C8-91B8-46DD-9238-CBDF19E3979C}.Release|x64.ActiveCfg = Release|Any CPU
		{C499A1C8-91B8-46DD-9238-CBDF19E3979C}.Release|x64.Build.0 = Release|Any CPU
		{C499A1C8-91B8-46DD-9238-CBDF19E3979C}.Release|x86.ActiveCfg = Release|Any CPU
		{C499A1C8-91B8-46DD-9238-CBDF19E3979C}.Release|x86.Build.0 = Release|Any CPU
		{2EAD8967-6324-4800-833E-ADCDDF3F2A79}.Debug|Any CPU.ActiveCfg = Debug|Any CPU
		{2EAD8967-6324-4800-833E-ADCDDF3F2A79}.Debug|Any CPU.Build.0 = Debug|Any CPU
		{2EAD8967-6324-4800-833E-ADCDDF3F2A79}.Debug|x64.ActiveCfg = Debug|Any CPU
		{2EAD8967-6324-4800-833E-ADCDDF3F2A79}.Debug|x64.Build.0 = Debug|Any CPU
		{2EAD8967-6324-4800-833E-ADCDDF3F2A79}.Debug|x86.ActiveCfg = Debug|Any CPU
		{2EAD8967-6324-4800-833E-ADCDDF3F2A79}.Debug|x86.Build.0 = Debug|Any CPU
		{2EAD8967-6324-4800-833E-ADCDDF3F2A79}.Release|Any CPU.ActiveCfg = Release|Any CPU
		{2EAD8967-6324-4800-833E-ADCDDF3F2A79}.Release|Any CPU.Build.0 = Release|Any CPU
		{2EAD8967-6324-4800-833E-ADCDDF3F2A79}.Release|x64.ActiveCfg = Release|Any CPU
		{2EAD8967-6324-4800-833E-ADCDDF3F2A79}.Release|x64.Build.0 = Release|Any CPU
		{2EAD8967-6324-4800-833E-ADCDDF3F2A79}.Release|x86.ActiveCfg = Release|Any CPU
		{2EAD8967-6324-4800-833E-ADCDDF3F2A79}.Release|x86.Build.0 = Release|Any CPU
		{DA4160A2-1C6F-4C69-B810-1B2AA7539652}.Debug|Any CPU.ActiveCfg = Debug|Any CPU
		{DA4160A2-1C6F-4C69-B810-1B2AA7539652}.Debug|Any CPU.Build.0 = Debug|Any CPU
		{DA4160A2-1C6F-4C69-B810-1B2AA7539652}.Debug|x64.ActiveCfg = Debug|Any CPU
		{DA4160A2-1C6F-4C69-B810-1B2AA7539652}.Debug|x64.Build.0 = Debug|Any CPU
		{DA4160A2-1C6F-4C69-B810-1B2AA7539652}.Debug|x86.ActiveCfg = Debug|Any CPU
		{DA4160A2-1C6F-4C69-B810-1B2AA7539652}.Debug|x86.Build.0 = Debug|Any CPU
		{DA4160A2-1C6F-4C69-B810-1B2AA7539652}.Release|Any CPU.ActiveCfg = Release|Any CPU
		{DA4160A2-1C6F-4C69-B810-1B2AA7539652}.Release|Any CPU.Build.0 = Release|Any CPU
		{DA4160A2-1C6F-4C69-B810-1B2AA7539652}.Release|x64.ActiveCfg = Release|Any CPU
		{DA4160A2-1C6F-4C69-B810-1B2AA7539652}.Release|x64.Build.0 = Release|Any CPU
		{DA4160A2-1C6F-4C69-B810-1B2AA7539652}.Release|x86.ActiveCfg = Release|Any CPU
		{DA4160A2-1C6F-4C69-B810-1B2AA7539652}.Release|x86.Build.0 = Release|Any CPU
	EndGlobalSection
	GlobalSection(SolutionProperties) = preSolution
		HideSolutionNode = FALSE
	EndGlobalSection
	GlobalSection(NestedProjects) = preSolution
		{C19575D9-58F7-425E-9A10-78B604AA7AB2} = {827E0CD3-B72D-47B6-A68D-7590B98EB39B}
		{C499A1C8-91B8-46DD-9238-CBDF19E3979C} = {827E0CD3-B72D-47B6-A68D-7590B98EB39B}
		{2EAD8967-6324-4800-833E-ADCDDF3F2A79} = {827E0CD3-B72D-47B6-A68D-7590B98EB39B}
		{DA4160A2-1C6F-4C69-B810-1B2AA7539652} = {0AB3BF05-4346-4AA6-1389-037BE0695223}
	EndGlobalSection
EndGlobal
